// !$*UTF8*$!
{
	archiveVersion = 1;
	classes = {
	};
	objectVersion = 56;
	objects = {

/* Begin PBXBuildFile section */
		EF16323929C27AEF008008A3 /* SwiftCoinApp.swift in Sources */ = {isa = PBXBuildFile; fileRef = EF16323829C27AEF008008A3 /* SwiftCoinApp.swift */; };
		EF16323B29C27AEF008008A3 /* ContentView.swift in Sources */ = {isa = PBXBuildFile; fileRef = EF16323A29C27AEF008008A3 /* ContentView.swift */; };
		EF16323D29C27AF4008008A3 /* Assets.xcassets in Resources */ = {isa = PBXBuildFile; fileRef = EF16323C29C27AF4008008A3 /* Assets.xcassets */; };
		EF16324029C27AF4008008A3 /* Preview Assets.xcassets in Resources */ = {isa = PBXBuildFile; fileRef = EF16323F29C27AF4008008A3 /* Preview Assets.xcassets */; };
		EF16325229C27CCB008008A3 /* HomeView.swift in Sources */ = {isa = PBXBuildFile; fileRef = EF16325129C27CCB008008A3 /* HomeView.swift */; };
		EF16325429C27D4A008008A3 /* TopMoversView.swift in Sources */ = {isa = PBXBuildFile; fileRef = EF16325329C27D4A008008A3 /* TopMoversView.swift */; };
		EF16325629C27D58008008A3 /* TopMoversItemView.swift in Sources */ = {isa = PBXBuildFile; fileRef = EF16325529C27D58008008A3 /* TopMoversItemView.swift */; };
		EFC1686B29C29D6C00E3CADF /* HomeViewModel.swift in Sources */ = {isa = PBXBuildFile; fileRef = EFC1686A29C29D6C00E3CADF /* HomeViewModel.swift */; };
		EFC1686D29C2A1B600E3CADF /* Coin.swift in Sources */ = {isa = PBXBuildFile; fileRef = EFC1686C29C2A1B600E3CADF /* Coin.swift */; };
		EFC1687029C2AE0200E3CADF /* Kingfisher in Frameworks */ = {isa = PBXBuildFile; productRef = EFC1686F29C2AE0200E3CADF /* Kingfisher */; };
		EFC1687229C2AEA200E3CADF /* Double.swift in Sources */ = {isa = PBXBuildFile; fileRef = EFC1687129C2AEA200E3CADF /* Double.swift */; };
		EFDB13F529C290C200B8FB88 /* AllCoinsView.swift in Sources */ = {isa = PBXBuildFile; fileRef = EFDB13F429C290C200B8FB88 /* AllCoinsView.swift */; };
		EFDB13F729C290EF00B8FB88 /* CoinView.swift in Sources */ = {isa = PBXBuildFile; fileRef = EFDB13F629C290EF00B8FB88 /* CoinView.swift */; };
/* End PBXBuildFile section */

/* Begin PBXFileReference section */
		EF16323529C27AEF008008A3 /* SwiftCoin.app */ = {isa = PBXFileReference; explicitFileType = wrapper.application; includeInIndex = 0; path = SwiftCoin.app; sourceTree = BUILT_PRODUCTS_DIR; };
		EF16323829C27AEF008008A3 /* SwiftCoinApp.swift */ = {isa = PBXFileReference; lastKnownFileType = sourcecode.swift; path = SwiftCoinApp.swift; sourceTree = "<group>"; };
		EF16323A29C27AEF008008A3 /* ContentView.swift */ = {isa = PBXFileReference; lastKnownFileType = sourcecode.swift; path = ContentView.swift; sourceTree = "<group>"; };
		EF16323C29C27AF4008008A3 /* Assets.xcassets */ = {isa = PBXFileReference; lastKnownFileType = folder.assetcatalog; path = Assets.xcassets; sourceTree = "<group>"; };
		EF16323F29C27AF4008008A3 /* Preview Assets.xcassets */ = {isa = PBXFileReference; lastKnownFileType = folder.assetcatalog; path = "Preview Assets.xcassets"; sourceTree = "<group>"; };
		EF16325129C27CCB008008A3 /* HomeView.swift */ = {isa = PBXFileReference; lastKnownFileType = sourcecode.swift; path = HomeView.swift; sourceTree = "<group>"; };
		EF16325329C27D4A008008A3 /* TopMoversView.swift */ = {isa = PBXFileReference; lastKnownFileType = sourcecode.swift; path = TopMoversView.swift; sourceTree = "<group>"; };
		EF16325529C27D58008008A3 /* TopMoversItemView.swift */ = {isa = PBXFileReference; lastKnownFileType = sourcecode.swift; path = TopMoversItemView.swift; sourceTree = "<group>"; };
		EFC1686A29C29D6C00E3CADF /* HomeViewModel.swift */ = {isa = PBXFileReference; lastKnownFileType = sourcecode.swift; path = HomeViewModel.swift; sourceTree = "<group>"; };
		EFC1686C29C2A1B600E3CADF /* Coin.swift */ = {isa = PBXFileReference; lastKnownFileType = sourcecode.swift; path = Coin.swift; sourceTree = "<group>"; };
		EFC1687129C2AEA200E3CADF /* Double.swift */ = {isa = PBXFileReference; lastKnownFileType = sourcecode.swift; path = Double.swift; sourceTree = "<group>"; };
		EFDB13F429C290C200B8FB88 /* AllCoinsView.swift */ = {isa = PBXFileReference; lastKnownFileType = sourcecode.swift; path = AllCoinsView.swift; sourceTree = "<group>"; };
		EFDB13F629C290EF00B8FB88 /* CoinView.swift */ = {isa = PBXFileReference; lastKnownFileType = sourcecode.swift; path = CoinView.swift; sourceTree = "<group>"; };
/* End PBXFileReference section */

/* Begin PBXFrameworksBuildPhase section */
		EF16323229C27AEF008008A3 /* Frameworks */ = {
			isa = PBXFrameworksBuildPhase;
			buildActionMask = 2147483647;
			files = (
				EFC1687029C2AE0200E3CADF /* Kingfisher in Frameworks */,
			);
			runOnlyForDeploymentPostprocessing = 0;
		};
/* End PBXFrameworksBuildPhase section */

/* Begin PBXGroup section */
		EF16322C29C27AEF008008A3 = {
			isa = PBXGroup;
			children = (
				EF16323729C27AEF008008A3 /* SwiftCoin */,
				EF16323629C27AEF008008A3 /* Products */,
			);
			sourceTree = "<group>";
		};
		EF16323629C27AEF008008A3 /* Products */ = {
			isa = PBXGroup;
			children = (
				EF16323529C27AEF008008A3 /* SwiftCoin.app */,
			);
			name = Products;
			sourceTree = "<group>";
		};
		EF16323729C27AEF008008A3 /* SwiftCoin */ = {
			isa = PBXGroup;
			children = (
				EF16324D29C27B4C008008A3 /* Utils */,
				EF16324C29C27B48008008A3 /* Extensions */,
				EF16324B29C27B47008008A3 /* Models */,
				EF16324A29C27B45008008A3 /* Core */,
				EF16324629C27B37008008A3 /* App */,
				EF16323A29C27AEF008008A3 /* ContentView.swift */,
				EF16323C29C27AF4008008A3 /* Assets.xcassets */,
				EF16323E29C27AF4008008A3 /* Preview Content */,
			);
			path = SwiftCoin;
			sourceTree = "<group>";
		};
		EF16323E29C27AF4008008A3 /* Preview Content */ = {
			isa = PBXGroup;
			children = (
				EF16323F29C27AF4008008A3 /* Preview Assets.xcassets */,
			);
			path = "Preview Content";
			sourceTree = "<group>";
		};
		EF16324629C27B37008008A3 /* App */ = {
			isa = PBXGroup;
			children = (
				EF16323829C27AEF008008A3 /* SwiftCoinApp.swift */,
			);
			path = App;
			sourceTree = "<group>";
		};
		EF16324A29C27B45008008A3 /* Core */ = {
			isa = PBXGroup;
			children = (
				EF16324E29C27C3B008008A3 /* Home */,
			);
			path = Core;
			sourceTree = "<group>";
		};
		EF16324B29C27B47008008A3 /* Models */ = {
			isa = PBXGroup;
			children = (
				EFC1686C29C2A1B600E3CADF /* Coin.swift */,
			);
			path = Models;
			sourceTree = "<group>";
		};
		EF16324C29C27B48008008A3 /* Extensions */ = {
			isa = PBXGroup;
			children = (
				EFC1687129C2AEA200E3CADF /* Double.swift */,
			);
			path = Extensions;
			sourceTree = "<group>";
		};
		EF16324D29C27B4C008008A3 /* Utils */ = {
			isa = PBXGroup;
			children = (
			);
			path = Utils;
			sourceTree = "<group>";
		};
		EF16324E29C27C3B008008A3 /* Home */ = {
			isa = PBXGroup;
			children = (
				EF16325029C27CAA008008A3 /* Views */,
				EF16324F29C27CA9008008A3 /* ViewModels */,
			);
			path = Home;
			sourceTree = "<group>";
		};
		EF16324F29C27CA9008008A3 /* ViewModels */ = {
			isa = PBXGroup;
			children = (
				EFC1686A29C29D6C00E3CADF /* HomeViewModel.swift */,
			);
			path = ViewModels;
			sourceTree = "<group>";
		};
		EF16325029C27CAA008008A3 /* Views */ = {
			isa = PBXGroup;
			children = (
				EF16325129C27CCB008008A3 /* HomeView.swift */,
				EF16325329C27D4A008008A3 /* TopMoversView.swift */,
				EF16325529C27D58008008A3 /* TopMoversItemView.swift */,
				EFDB13F429C290C200B8FB88 /* AllCoinsView.swift */,
				EFDB13F629C290EF00B8FB88 /* CoinView.swift */,
			);
			path = Views;
			sourceTree = "<group>";
		};
/* End PBXGroup section */

/* Begin PBXNativeTarget section */
		EF16323429C27AEF008008A3 /* SwiftCoin */ = {
			isa = PBXNativeTarget;
			buildConfigurationList = EF16324329C27AF4008008A3 /* Build configuration list for PBXNativeTarget "SwiftCoin" */;
			buildPhases = (
				EF16323129C27AEF008008A3 /* Sources */,
				EF16323229C27AEF008008A3 /* Frameworks */,
				EF16323329C27AEF008008A3 /* Resources */,
			);
			buildRules = (
			);
			dependencies = (
			);
			name = SwiftCoin;
			packageProductDependencies = (
				EFC1686F29C2AE0200E3CADF /* Kingfisher */,
			);
			productName = SwiftCoin;
			productReference = EF16323529C27AEF008008A3 /* SwiftCoin.app */;
			productType = "com.apple.product-type.application";
		};
/* End PBXNativeTarget section */

/* Begin PBXProject section */
		EF16322D29C27AEF008008A3 /* Project object */ = {
			isa = PBXProject;
			attributes = {
				BuildIndependentTargetsInParallel = 1;
				LastSwiftUpdateCheck = 1400;
				LastUpgradeCheck = 1400;
				TargetAttributes = {
					EF16323429C27AEF008008A3 = {
						CreatedOnToolsVersion = 14.0;
					};
				};
			};
			buildConfigurationList = EF16323029C27AEF008008A3 /* Build configuration list for PBXProject "SwiftCoin" */;
			compatibilityVersion = "Xcode 14.0";
			developmentRegion = en;
			hasScannedForEncodings = 0;
			knownRegions = (
				en,
				Base,
			);
			mainGroup = EF16322C29C27AEF008008A3;
			packageReferences = (
				EFC1686E29C2AE0200E3CADF /* XCRemoteSwiftPackageReference "Kingfisher" */,
			);
			productRefGroup = EF16323629C27AEF008008A3 /* Products */;
			projectDirPath = "";
			projectRoot = "";
			targets = (
				EF16323429C27AEF008008A3 /* SwiftCoin */,
			);
		};
/* End PBXProject section */

/* Begin PBXResourcesBuildPhase section */
		EF16323329C27AEF008008A3 /* Resources */ = {
			isa = PBXResourcesBuildPhase;
			buildActionMask = 2147483647;
			files = (
				EF16324029C27AF4008008A3 /* Preview Assets.xcassets in Resources */,
				EF16323D29C27AF4008008A3 /* Assets.xcassets in Resources */,
			);
			runOnlyForDeploymentPostprocessing = 0;
		};
/* End PBXResourcesBuildPhase section */

/* Begin PBXSourcesBuildPhase section */
		EF16323129C27AEF008008A3 /* Sources */ = {
			isa = PBXSourcesBuildPhase;
			buildActionMask = 2147483647;
			files = (
				EFC1686D29C2A1B600E3CADF /* Coin.swift in Sources */,
				EF16325429C27D4A008008A3 /* TopMoversView.swift in Sources */,
				EFDB13F529C290C200B8FB88 /* AllCoinsView.swift in Sources */,
				EFDB13F729C290EF00B8FB88 /* CoinView.swift in Sources */,
				EFC1686B29C29D6C00E3CADF /* HomeViewModel.swift in Sources */,
				EF16325229C27CCB008008A3 /* HomeView.swift in Sources */,
				EF16323B29C27AEF008008A3 /* ContentView.swift in Sources */,
				EF16323929C27AEF008008A3 /* SwiftCoinApp.swift in Sources */,
				EFC1687229C2AEA200E3CADF /* Double.swift in Sources */,
				EF16325629C27D58008008A3 /* TopMoversItemView.swift in Sources */,
			);
			runOnlyForDeploymentPostprocessing = 0;
		};
/* End PBXSourcesBuildPhase section */

/* Begin XCBuildConfiguration section */
		EF16324129C27AF4008008A3 /* Debug */ = {
			isa = XCBuildConfiguration;
			buildSettings = {
				ALWAYS_SEARCH_USER_PATHS = NO;
				CLANG_ANALYZER_NONNULL = YES;
				CLANG_ANALYZER_NUMBER_OBJECT_CONVERSION = YES_AGGRESSIVE;
				CLANG_CXX_LANGUAGE_STANDARD = "gnu++20";
				CLANG_ENABLE_MODULES = YES;
				CLANG_ENABLE_OBJC_ARC = YES;
				CLANG_ENABLE_OBJC_WEAK = YES;
				CLANG_WARN_BLOCK_CAPTURE_AUTORELEASING = YES;
				CLANG_WARN_BOOL_CONVERSION = YES;
				CLANG_WARN_COMMA = YES;
				CLANG_WARN_CONSTANT_CONVERSION = YES;
				CLANG_WARN_DEPRECATED_OBJC_IMPLEMENTATIONS = YES;
				CLANG_WARN_DIRECT_OBJC_ISA_USAGE = YES_ERROR;
				CLANG_WARN_DOCUMENTATION_COMMENTS = YES;
				CLANG_WARN_EMPTY_BODY = YES;
				CLANG_WARN_ENUM_CONVERSION = YES;
				CLANG_WARN_INFINITE_RECURSION = YES;
				CLANG_WARN_INT_CONVERSION = YES;
				CLANG_WARN_NON_LITERAL_NULL_CONVERSION = YES;
				CLANG_WARN_OBJC_IMPLICIT_RETAIN_SELF = YES;
				CLANG_WARN_OBJC_LITERAL_CONVERSION = YES;
				CLANG_WARN_OBJC_ROOT_CLASS = YES_ERROR;
				CLANG_WARN_QUOTED_INCLUDE_IN_FRAMEWORK_HEADER = YES;
				CLANG_WARN_RANGE_LOOP_ANALYSIS = YES;
				CLANG_WARN_STRICT_PROTOTYPES = YES;
				CLANG_WARN_SUSPICIOUS_MOVE = YES;
				CLANG_WARN_UNGUARDED_AVAILABILITY = YES_AGGRESSIVE;
				CLANG_WARN_UNREACHABLE_CODE = YES;
				CLANG_WARN__DUPLICATE_METHOD_MATCH = YES;
				COPY_PHASE_STRIP = NO;
				DEBUG_INFORMATION_FORMAT = dwarf;
				ENABLE_STRICT_OBJC_MSGSEND = YES;
				ENABLE_TESTABILITY = YES;
				GCC_C_LANGUAGE_STANDARD = gnu11;
				GCC_DYNAMIC_NO_PIC = NO;
				GCC_NO_COMMON_BLOCKS = YES;
				GCC_OPTIMIZATION_LEVEL = 0;
				GCC_PREPROCESSOR_DEFINITIONS = (
					"DEBUG=1",
					"$(inherited)",
				);
				GCC_WARN_64_TO_32_BIT_CONVERSION = YES;
				GCC_WARN_ABOUT_RETURN_TYPE = YES_ERROR;
				GCC_WARN_UNDECLARED_SELECTOR = YES;
				GCC_WARN_UNINITIALIZED_AUTOS = YES_AGGRESSIVE;
				GCC_WARN_UNUSED_FUNCTION = YES;
				GCC_WARN_UNUSED_VARIABLE = YES;
				IPHONEOS_DEPLOYMENT_TARGET = 16.0;
				MTL_ENABLE_DEBUG_INFO = INCLUDE_SOURCE;
				MTL_FAST_MATH = YES;
				ONLY_ACTIVE_ARCH = YES;
				SDKROOT = iphoneos;
				SWIFT_ACTIVE_COMPILATION_CONDITIONS = DEBUG;
				SWIFT_OPTIMIZATION_LEVEL = "-Onone";
			};
			name = Debug;
		};
		EF16324229C27AF4008008A3 /* Release */ = {
			isa = XCBuildConfiguration;
			buildSettings = {
				ALWAYS_SEARCH_USER_PATHS = NO;
				CLANG_ANALYZER_NONNULL = YES;
				CLANG_ANALYZER_NUMBER_OBJECT_CONVERSION = YES_AGGRESSIVE;
				CLANG_CXX_LANGUAGE_STANDARD = "gnu++20";
				CLANG_ENABLE_MODULES = YES;
				CLANG_ENABLE_OBJC_ARC = YES;
				CLANG_ENABLE_OBJC_WEAK = YES;
				CLANG_WARN_BLOCK_CAPTURE_AUTORELEASING = YES;
				CLANG_WARN_BOOL_CONVERSION = YES;
				CLANG_WARN_COMMA = YES;
				CLANG_WARN_CONSTANT_CONVERSION = YES;
				CLANG_WARN_DEPRECATED_OBJC_IMPLEMENTATIONS = YES;
				CLANG_WARN_DIRECT_OBJC_ISA_USAGE = YES_ERROR;
				CLANG_WARN_DOCUMENTATION_COMMENTS = YES;
				CLANG_WARN_EMPTY_BODY = YES;
				CLANG_WARN_ENUM_CONVERSION = YES;
				CLANG_WARN_INFINITE_RECURSION = YES;
				CLANG_WARN_INT_CONVERSION = YES;
				CLANG_WARN_NON_LITERAL_NULL_CONVERSION = YES;
				CLANG_WARN_OBJC_IMPLICIT_RETAIN_SELF = YES;
				CLANG_WARN_OBJC_LITERAL_CONVERSION = YES;
				CLANG_WARN_OBJC_ROOT_CLASS = YES_ERROR;
				CLANG_WARN_QUOTED_INCLUDE_IN_FRAMEWORK_HEADER = YES;
				CLANG_WARN_RANGE_LOOP_ANALYSIS = YES;
				CLANG_WARN_STRICT_PROTOTYPES = YES;
				CLANG_WARN_SUSPICIOUS_MOVE = YES;
				CLANG_WARN_UNGUARDED_AVAILABILITY = YES_AGGRESSIVE;
				CLANG_WARN_UNREACHABLE_CODE = YES;
				CLANG_WARN__DUPLICATE_METHOD_MATCH = YES;
				COPY_PHASE_STRIP = NO;
				DEBUG_INFORMATION_FORMAT = "dwarf-with-dsym";
				ENABLE_NS_ASSERTIONS = NO;
				ENABLE_STRICT_OBJC_MSGSEND = YES;
				GCC_C_LANGUAGE_STANDARD = gnu11;
				GCC_NO_COMMON_BLOCKS = YES;
				GCC_WARN_64_TO_32_BIT_CONVERSION = YES;
				GCC_WARN_ABOUT_RETURN_TYPE = YES_ERROR;
				GCC_WARN_UNDECLARED_SELECTOR = YES;
				GCC_WARN_UNINITIALIZED_AUTOS = YES_AGGRESSIVE;
				GCC_WARN_UNUSED_FUNCTION = YES;
				GCC_WARN_UNUSED_VARIABLE = YES;
				IPHONEOS_DEPLOYMENT_TARGET = 16.0;
				MTL_ENABLE_DEBUG_INFO = NO;
				MTL_FAST_MATH = YES;
				SDKROOT = iphoneos;
				SWIFT_COMPILATION_MODE = wholemodule;
				SWIFT_OPTIMIZATION_LEVEL = "-O";
				VALIDATE_PRODUCT = YES;
			};
			name = Release;
		};
		EF16324429C27AF4008008A3 /* Debug */ = {
			isa = XCBuildConfiguration;
			buildSettings = {
				ASSETCATALOG_COMPILER_APPICON_NAME = AppIcon;
				ASSETCATALOG_COMPILER_GLOBAL_ACCENT_COLOR_NAME = AccentColor;
				CODE_SIGN_STYLE = Automatic;
				CURRENT_PROJECT_VERSION = 1;
				DEVELOPMENT_ASSET_PATHS = "\"SwiftCoin/Preview Content\"";
				DEVELOPMENT_TEAM = T3X5CSS63D;
				ENABLE_PREVIEWS = YES;
				GENERATE_INFOPLIST_FILE = YES;
				INFOPLIST_KEY_UIApplicationSceneManifest_Generation = YES;
				INFOPLIST_KEY_UIApplicationSupportsIndirectInputEvents = YES;
				INFOPLIST_KEY_UILaunchScreen_Generation = YES;
				INFOPLIST_KEY_UISupportedInterfaceOrientations_iPad = "UIInterfaceOrientationPortrait UIInterfaceOrientationPortraitUpsideDown UIInterfaceOrientationLandscapeLeft UIInterfaceOrientationLandscapeRight";
				INFOPLIST_KEY_UISupportedInterfaceOrientations_iPhone = "UIInterfaceOrientationPortrait UIInterfaceOrientationLandscapeLeft UIInterfaceOrientationLandscapeRight";
				LD_RUNPATH_SEARCH_PATHS = (
					"$(inherited)",
					"@executable_path/Frameworks",
				);
				MARKETING_VERSION = 1.0;
				PRODUCT_BUNDLE_IDENTIFIER = Test.SwiftCoin;
				PRODUCT_NAME = "$(TARGET_NAME)";
				SWIFT_EMIT_LOC_STRINGS = YES;
				SWIFT_VERSION = 5.0;
				TARGETED_DEVICE_FAMILY = "1,2";
			};
			name = Debug;
		};
		EF16324529C27AF4008008A3 /* Release */ = {
			isa = XCBuildConfiguration;
			buildSettings = {
				ASSETCATALOG_COMPILER_APPICON_NAME = AppIcon;
				ASSETCATALOG_COMPILER_GLOBAL_ACCENT_COLOR_NAME = AccentColor;
				CODE_SIGN_STYLE = Automatic;
				CURRENT_PROJECT_VERSION = 1;
				DEVELOPMENT_ASSET_PATHS = "\"SwiftCoin/Preview Content\"";
				DEVELOPMENT_TEAM = T3X5CSS63D;
				ENABLE_PREVIEWS = YES;
				GENERATE_INFOPLIST_FILE = YES;
				INFOPLIST_KEY_UIApplicationSceneManifest_Generation = YES;
				INFOPLIST_KEY_UIApplicationSupportsIndirectInputEvents = YES;
				INFOPLIST_KEY_UILaunchScreen_Generation = YES;
				INFOPLIST_KEY_UISupportedInterfaceOrientations_iPad = "UIInterfaceOrientationPortrait UIInterfaceOrientationPortraitUpsideDown UIInterfaceOrientationLandscapeLeft UIInterfaceOrientationLandscapeRight";
				INFOPLIST_KEY_UISupportedInterfaceOrientations_iPhone = "UIInterfaceOrientationPortrait UIInterfaceOrientationLandscapeLeft UIInterfaceOrientationLandscapeRight";
				LD_RUNPATH_SEARCH_PATHS = (
					"$(inherited)",
					"@executable_path/Frameworks",
				);
				MARKETING_VERSION = 1.0;
				PRODUCT_BUNDLE_IDENTIFIER = Test.SwiftCoin;
				PRODUCT_NAME = "$(TARGET_NAME)";
				SWIFT_EMIT_LOC_STRINGS = YES;
				SWIFT_VERSION = 5.0;
				TARGETED_DEVICE_FAMILY = "1,2";
			};
			name = Release;
		};
/* End XCBuildConfiguration section */

/* Begin XCConfigurationList section */
		EF16323029C27AEF008008A3 /* Build configuration list for PBXProject "SwiftCoin" */ = {
			isa = XCConfigurationList;
			buildConfigurations = (
				EF16324129C27AF4008008A3 /* Debug */,
				EF16324229C27AF4008008A3 /* Release */,
			);
			defaultConfigurationIsVisible = 0;
			defaultConfigurationName = Release;
		};
		EF16324329C27AF4008008A3 /* Build configuration list for PBXNativeTarget "SwiftCoin" */ = {
			isa = XCConfigurationList;
			buildConfigurations = (
				EF16324429C27AF4008008A3 /* Debug */,
				EF16324529C27AF4008008A3 /* Release */,
			);
			defaultConfigurationIsVisible = 0;
			defaultConfigurationName = Release;
		};
/* End XCConfigurationList section */

/* Begin XCRemoteSwiftPackageReference section */
		EFC1686E29C2AE0200E3CADF /* XCRemoteSwiftPackageReference "Kingfisher" */ = {
			isa = XCRemoteSwiftPackageReference;
			repositoryURL = "https://github.com/onevcat/Kingfisher.git";
			requirement = {
				kind = upToNextMajorVersion;
				minimumVersion = 7.0.0;
			};
		};
/* End XCRemoteSwiftPackageReference section */

/* Begin XCSwiftPackageProductDependency section */
		EFC1686F29C2AE0200E3CADF /* Kingfisher */ = {
			isa = XCSwiftPackageProductDependency;
			package = EFC1686E29C2AE0200E3CADF /* XCRemoteSwiftPackageReference "Kingfisher" */;
			productName = Kingfisher;
		};
/* End XCSwiftPackageProductDependency section */
	};
	rootObject = EF16322D29C27AEF008008A3 /* Project object */;
}
